// !$*UTF8*$!
{
	archiveVersion = 1;
	classes = {
	};
	objectVersion = 46;
	objects = {

/* Begin PBXBuildFile section */
		6A789F7E1B458A1F0022368E /* main.m in Sources */ = {isa = PBXBuildFile; fileRef = 6A789F7D1B458A1F0022368E /* main.m */; };
		6A789F811B458A1F0022368E /* AppDelegate.m in Sources */ = {isa = PBXBuildFile; fileRef = 6A789F801B458A1F0022368E /* AppDelegate.m */; };
		6A789F841B458A1F0022368E /* ViewController.m in Sources */ = {isa = PBXBuildFile; fileRef = 6A789F831B458A1F0022368E /* ViewController.m */; };
		6A789F871B458A1F0022368E /* Main.storyboard in Resources */ = {isa = PBXBuildFile; fileRef = 6A789F851B458A1F0022368E /* Main.storyboard */; };
		6A789F891B458A1F0022368E /* Images.xcassets in Resources */ = {isa = PBXBuildFile; fileRef = 6A789F881B458A1F0022368E /* Images.xcassets */; };
		6A789F8C1B458A1F0022368E /* LaunchScreen.xib in Resources */ = {isa = PBXBuildFile; fileRef = 6A789F8A1B458A1F0022368E /* LaunchScreen.xib */; };
		6A789F981B458A1F0022368E /* QRCodeTests.m in Sources */ = {isa = PBXBuildFile; fileRef = 6A789F971B458A1F0022368E /* QRCodeTests.m */; };
		6A789FA31B458A490022368E /* QRCodeGenerator.m in Sources */ = {isa = PBXBuildFile; fileRef = 6A789FA21B458A490022368E /* QRCodeGenerator.m */; };
		6A789FB31B458B5A0022368E /* bitstream.c in Sources */ = {isa = PBXBuildFile; fileRef = 6A789FA51B458B5A0022368E /* bitstream.c */; };
		6A789FB41B458B5A0022368E /* mask.c in Sources */ = {isa = PBXBuildFile; fileRef = 6A789FA71B458B5A0022368E /* mask.c */; };
		6A789FB51B458B5A0022368E /* qrencode.c in Sources */ = {isa = PBXBuildFile; fileRef = 6A789FA91B458B5A0022368E /* qrencode.c */; };
		6A789FB61B458B5A0022368E /* qrinput.c in Sources */ = {isa = PBXBuildFile; fileRef = 6A789FAB1B458B5A0022368E /* qrinput.c */; };
		6A789FB71B458B5A0022368E /* qrspec.c in Sources */ = {isa = PBXBuildFile; fileRef = 6A789FAD1B458B5A0022368E /* qrspec.c */; };
		6A789FB81B458B5A0022368E /* rscode.c in Sources */ = {isa = PBXBuildFile; fileRef = 6A789FAF1B458B5A0022368E /* rscode.c */; };
		6A789FB91B458B5A0022368E /* split.c in Sources */ = {isa = PBXBuildFile; fileRef = 6A789FB11B458B5A0022368E /* split.c */; };
/* End PBXBuildFile section */

/* Begin PBXContainerItemProxy section */
		6A789F921B458A1F0022368E /* PBXContainerItemProxy */ = {
			isa = PBXContainerItemProxy;
			containerPortal = 6A789F701B458A1F0022368E /* Project object */;
			proxyType = 1;
			remoteGlobalIDString = 6A789F771B458A1F0022368E;
			remoteInfo = QRCode;
		};
/* End PBXContainerItemProxy section */

/* Begin PBXFileReference section */
		6A789F781B458A1F0022368E /* QRCode.app */ = {isa = PBXFileReference; explicitFileType = wrapper.application; includeInIndex = 0; path = QRCode.app; sourceTree = BUILT_PRODUCTS_DIR; };
		6A789F7C1B458A1F0022368E /* Info.plist */ = {isa = PBXFileReference; lastKnownFileType = text.plist.xml; path = Info.plist; sourceTree = "<group>"; };
		6A789F7D1B458A1F0022368E /* main.m */ = {isa = PBXFileReference; lastKnownFileType = sourcecode.c.objc; path = main.m; sourceTree = "<group>"; };
		6A789F7F1B458A1F0022368E /* AppDelegate.h */ = {isa = PBXFileReference; lastKnownFileType = sourcecode.c.h; path = AppDelegate.h; sourceTree = "<group>"; };
		6A789F801B458A1F0022368E /* AppDelegate.m */ = {isa = PBXFileReference; lastKnownFileType = sourcecode.c.objc; path = AppDelegate.m; sourceTree = "<group>"; };
		6A789F821B458A1F0022368E /* ViewController.h */ = {isa = PBXFileReference; lastKnownFileType = sourcecode.c.h; path = ViewController.h; sourceTree = "<group>"; };
		6A789F831B458A1F0022368E /* ViewController.m */ = {isa = PBXFileReference; lastKnownFileType = sourcecode.c.objc; path = ViewController.m; sourceTree = "<group>"; };
		6A789F861B458A1F0022368E /* Base */ = {isa = PBXFileReference; lastKnownFileType = file.storyboard; name = Base; path = Base.lproj/Main.storyboard; sourceTree = "<group>"; };
		6A789F881B458A1F0022368E /* Images.xcassets */ = {isa = PBXFileReference; lastKnownFileType = folder.assetcatalog; path = Images.xcassets; sourceTree = "<group>"; };
		6A789F8B1B458A1F0022368E /* Base */ = {isa = PBXFileReference; lastKnownFileType = file.xib; name = Base; path = Base.lproj/LaunchScreen.xib; sourceTree = "<group>"; };
		6A789F911B458A1F0022368E /* QRCodeTests.xctest */ = {isa = PBXFileReference; explicitFileType = wrapper.cfbundle; includeInIndex = 0; path = QRCodeTests.xctest; sourceTree = BUILT_PRODUCTS_DIR; };
		6A789F961B458A1F0022368E /* Info.plist */ = {isa = PBXFileReference; lastKnownFileType = text.plist.xml; path = Info.plist; sourceTree = "<group>"; };
		6A789F971B458A1F0022368E /* QRCodeTests.m */ = {isa = PBXFileReference; lastKnownFileType = sourcecode.c.objc; path = QRCodeTests.m; sourceTree = "<group>"; };
		6A789FA11B458A490022368E /* QRCodeGenerator.h */ = {isa = PBXFileReference; fileEncoding = 4; lastKnownFileType = sourcecode.c.h; path = QRCodeGenerator.h; sourceTree = "<group>"; };
		6A789FA21B458A490022368E /* QRCodeGenerator.m */ = {isa = PBXFileReference; fileEncoding = 4; lastKnownFileType = sourcecode.c.objc; path = QRCodeGenerator.m; sourceTree = "<group>"; };
		6A789FA51B458B5A0022368E /* bitstream.c */ = {isa = PBXFileReference; fileEncoding = 4; lastKnownFileType = sourcecode.c.c; path = bitstream.c; sourceTree = "<group>"; };
		6A789FA61B458B5A0022368E /* bitstream.h */ = {isa = PBXFileReference; fileEncoding = 4; lastKnownFileType = sourcecode.c.h; path = bitstream.h; sourceTree = "<group>"; };
		6A789FA71B458B5A0022368E /* mask.c */ = {isa = PBXFileReference; fileEncoding = 4; lastKnownFileType = sourcecode.c.c; path = mask.c; sourceTree = "<group>"; };
		6A789FA81B458B5A0022368E /* mask.h */ = {isa = PBXFileReference; fileEncoding = 4; lastKnownFileType = sourcecode.c.h; path = mask.h; sourceTree = "<group>"; };
		6A789FA91B458B5A0022368E /* qrencode.c */ = {isa = PBXFileReference; fileEncoding = 4; lastKnownFileType = sourcecode.c.c; path = qrencode.c; sourceTree = "<group>"; };
		6A789FAA1B458B5A0022368E /* qrencode.h */ = {isa = PBXFileReference; fileEncoding = 4; lastKnownFileType = sourcecode.c.h; path = qrencode.h; sourceTree = "<group>"; };
		6A789FAB1B458B5A0022368E /* qrinput.c */ = {isa = PBXFileReference; fileEncoding = 4; lastKnownFileType = sourcecode.c.c; path = qrinput.c; sourceTree = "<group>"; };
		6A789FAC1B458B5A0022368E /* qrinput.h */ = {isa = PBXFileReference; fileEncoding = 4; lastKnownFileType = sourcecode.c.h; path = qrinput.h; sourceTree = "<group>"; };
		6A789FAD1B458B5A0022368E /* qrspec.c */ = {isa = PBXFileReference; fileEncoding = 4; lastKnownFileType = sourcecode.c.c; path = qrspec.c; sourceTree = "<group>"; };
		6A789FAE1B458B5A0022368E /* qrspec.h */ = {isa = PBXFileReference; fileEncoding = 4; lastKnownFileType = sourcecode.c.h; path = qrspec.h; sourceTree = "<group>"; };
		6A789FAF1B458B5A0022368E /* rscode.c */ = {isa = PBXFileReference; fileEncoding = 4; lastKnownFileType = sourcecode.c.c; path = rscode.c; sourceTree = "<group>"; };
		6A789FB01B458B5A0022368E /* rscode.h */ = {isa = PBXFileReference; fileEncoding = 4; lastKnownFileType = sourcecode.c.h; path = rscode.h; sourceTree = "<group>"; };
		6A789FB11B458B5A0022368E /* split.c */ = {isa = PBXFileReference; fileEncoding = 4; lastKnownFileType = sourcecode.c.c; path = split.c; sourceTree = "<group>"; };
		6A789FB21B458B5A0022368E /* split.h */ = {isa = PBXFileReference; fileEncoding = 4; lastKnownFileType = sourcecode.c.h; path = split.h; sourceTree = "<group>"; };
/* End PBXFileReference section */

/* Begin PBXFrameworksBuildPhase section */
		6A789F751B458A1F0022368E /* Frameworks */ = {
			isa = PBXFrameworksBuildPhase;
			buildActionMask = 2147483647;
			files = (
			);
			runOnlyForDeploymentPostprocessing = 0;
		};
		6A789F8E1B458A1F0022368E /* Frameworks */ = {
			isa = PBXFrameworksBuildPhase;
			buildActionMask = 2147483647;
			files = (
			);
			runOnlyForDeploymentPostprocessing = 0;
		};
/* End PBXFrameworksBuildPhase section */

/* Begin PBXGroup section */
		6A789F6F1B458A1F0022368E = {
			isa = PBXGroup;
			children = (
				6A789F7A1B458A1F0022368E /* QRCode */,
				6A789F941B458A1F0022368E /* QRCodeTests */,
				6A789F791B458A1F0022368E /* Products */,
			);
			sourceTree = "<group>";
		};
		6A789F791B458A1F0022368E /* Products */ = {
			isa = PBXGroup;
			children = (
				6A789F781B458A1F0022368E /* QRCode.app */,
				6A789F911B458A1F0022368E /* QRCodeTests.xctest */,
			);
			name = Products;
			sourceTree = "<group>";
		};
		6A789F7A1B458A1F0022368E /* QRCode */ = {
			isa = PBXGroup;
			children = (
				6A789FA41B458B4E0022368E /* libqrencode */,
				6A789F7F1B458A1F0022368E /* AppDelegate.h */,
				6A789F801B458A1F0022368E /* AppDelegate.m */,
				6A789F821B458A1F0022368E /* ViewController.h */,
				6A789F831B458A1F0022368E /* ViewController.m */,
				6A789FA11B458A490022368E /* QRCodeGenerator.h */,
				6A789FA21B458A490022368E /* QRCodeGenerator.m */,
				6A789F851B458A1F0022368E /* Main.storyboard */,
				6A789F881B458A1F0022368E /* Images.xcassets */,
				6A789F8A1B458A1F0022368E /* LaunchScreen.xib */,
				6A789F7B1B458A1F0022368E /* Supporting Files */,
			);
			path = QRCode;
			sourceTree = "<group>";
		};
		6A789F7B1B458A1F0022368E /* Supporting Files */ = {
			isa = PBXGroup;
			children = (
				6A789F7C1B458A1F0022368E /* Info.plist */,
				6A789F7D1B458A1F0022368E /* main.m */,
			);
			name = "Supporting Files";
			sourceTree = "<group>";
		};
		6A789F941B458A1F0022368E /* QRCodeTests */ = {
			isa = PBXGroup;
			children = (
				6A789F971B458A1F0022368E /* QRCodeTests.m */,
				6A789F951B458A1F0022368E /* Supporting Files */,
			);
			path = QRCodeTests;
			sourceTree = "<group>";
		};
		6A789F951B458A1F0022368E /* Supporting Files */ = {
			isa = PBXGroup;
			children = (
				6A789F961B458A1F0022368E /* Info.plist */,
			);
			name = "Supporting Files";
			sourceTree = "<group>";
		};
		6A789FA41B458B4E0022368E /* libqrencode */ = {
			isa = PBXGroup;
			children = (
				6A789FA51B458B5A0022368E /* bitstream.c */,
				6A789FA61B458B5A0022368E /* bitstream.h */,
				6A789FA71B458B5A0022368E /* mask.c */,
				6A789FA81B458B5A0022368E /* mask.h */,
				6A789FA91B458B5A0022368E /* qrencode.c */,
				6A789FAA1B458B5A0022368E /* qrencode.h */,
				6A789FAB1B458B5A0022368E /* qrinput.c */,
				6A789FAC1B458B5A0022368E /* qrinput.h */,
				6A789FAD1B458B5A0022368E /* qrspec.c */,
				6A789FAE1B458B5A0022368E /* qrspec.h */,
				6A789FAF1B458B5A0022368E /* rscode.c */,
				6A789FB01B458B5A0022368E /* rscode.h */,
				6A789FB11B458B5A0022368E /* split.c */,
				6A789FB21B458B5A0022368E /* split.h */,
			);
			name = libqrencode;
			sourceTree = "<group>";
		};
/* End PBXGroup section */

/* Begin PBXNativeTarget section */
		6A789F771B458A1F0022368E /* QRCode */ = {
			isa = PBXNativeTarget;
			buildConfigurationList = 6A789F9B1B458A1F0022368E /* Build configuration list for PBXNativeTarget "QRCode" */;
			buildPhases = (
				6A789F741B458A1F0022368E /* Sources */,
				6A789F751B458A1F0022368E /* Frameworks */,
				6A789F761B458A1F0022368E /* Resources */,
			);
			buildRules = (
			);
			dependencies = (
			);
			name = QRCode;
			productName = QRCode;
			productReference = 6A789F781B458A1F0022368E /* QRCode.app */;
			productType = "com.apple.product-type.application";
		};
		6A789F901B458A1F0022368E /* QRCodeTests */ = {
			isa = PBXNativeTarget;
			buildConfigurationList = 6A789F9E1B458A1F0022368E /* Build configuration list for PBXNativeTarget "QRCodeTests" */;
			buildPhases = (
				6A789F8D1B458A1F0022368E /* Sources */,
				6A789F8E1B458A1F0022368E /* Frameworks */,
				6A789F8F1B458A1F0022368E /* Resources */,
			);
			buildRules = (
			);
			dependencies = (
				6A789F931B458A1F0022368E /* PBXTargetDependency */,
			);
			name = QRCodeTests;
			productName = QRCodeTests;
			productReference = 6A789F911B458A1F0022368E /* QRCodeTests.xctest */;
			productType = "com.apple.product-type.bundle.unit-test";
		};
/* End PBXNativeTarget section */

/* Begin PBXProject section */
		6A789F701B458A1F0022368E /* Project object */ = {
			isa = PBXProject;
			attributes = {
				LastUpgradeCheck = 0640;
				ORGANIZATIONNAME = HA;
				TargetAttributes = {
					6A789F771B458A1F0022368E = {
						CreatedOnToolsVersion = 6.4;
					};
					6A789F901B458A1F0022368E = {
						CreatedOnToolsVersion = 6.4;
						TestTargetID = 6A789F771B458A1F0022368E;
					};
				};
			};
			buildConfigurationList = 6A789F731B458A1F0022368E /* Build configuration list for PBXProject "QRCode" */;
			compatibilityVersion = "Xcode 3.2";
			developmentRegion = English;
			hasScannedForEncodings = 0;
			knownRegions = (
				en,
				Base,
			);
			mainGroup = 6A789F6F1B458A1F0022368E;
			productRefGroup = 6A789F791B458A1F0022368E /* Products */;
			projectDirPath = "";
			projectRoot = "";
			targets = (
				6A789F771B458A1F0022368E /* QRCode */,
				6A789F901B458A1F0022368E /* QRCodeTests */,
			);
		};
/* End PBXProject section */

/* Begin PBXResourcesBuildPhase section */
		6A789F761B458A1F0022368E /* Resources */ = {
			isa = PBXResourcesBuildPhase;
			buildActionMask = 2147483647;
			files = (
				6A789F871B458A1F0022368E /* Main.storyboard in Resources */,
				6A789F8C1B458A1F0022368E /* LaunchScreen.xib in Resources */,
				6A789F891B458A1F0022368E /* Images.xcassets in Resources */,
			);
			runOnlyForDeploymentPostprocessing = 0;
		};
		6A789F8F1B458A1F0022368E /* Resources */ = {
			isa = PBXResourcesBuildPhase;
			buildActionMask = 2147483647;
			files = (
			);
			runOnlyForDeploymentPostprocessing = 0;
		};
/* End PBXResourcesBuildPhase section */

/* Begin PBXSourcesBuildPhase section */
		6A789F741B458A1F0022368E /* Sources */ = {
			isa = PBXSourcesBuildPhase;
			buildActionMask = 2147483647;
			files = (
				6A789F841B458A1F0022368E /* ViewController.m in Sources */,
				6A789FB71B458B5A0022368E /* qrspec.c in Sources */,
				6A789FB31B458B5A0022368E /* bitstream.c in Sources */,
				6A789FB81B458B5A0022368E /* rscode.c in Sources */,
				6A789FA31B458A490022368E /* QRCodeGenerator.m in Sources */,
				6A789FB41B458B5A0022368E /* mask.c in Sources */,
				6A789FB51B458B5A0022368E /* qrencode.c in Sources */,
				6A789FB61B458B5A0022368E /* qrinput.c in Sources */,
				6A789FB91B458B5A0022368E /* split.c in Sources */,
				6A789F811B458A1F0022368E /* AppDelegate.m in Sources */,
				6A789F7E1B458A1F0022368E /* main.m in Sources */,
			);
			runOnlyForDeploymentPostprocessing = 0;
		};
		6A789F8D1B458A1F0022368E /* Sources */ = {
			isa = PBXSourcesBuildPhase;
			buildActionMask = 2147483647;
			files = (
				6A789F981B458A1F0022368E /* QRCodeTests.m in Sources */,
			);
			runOnlyForDeploymentPostprocessing = 0;
		};
/* End PBXSourcesBuildPhase section */

/* Begin PBXTargetDependency section */
		6A789F931B458A1F0022368E /* PBXTargetDependency */ = {
			isa = PBXTargetDependency;
			target = 6A789F771B458A1F0022368E /* QRCode */;
			targetProxy = 6A789F921B458A1F0022368E /* PBXContainerItemProxy */;
		};
/* End PBXTargetDependency section */

/* Begin PBXVariantGroup section */
		6A789F851B458A1F0022368E /* Main.storyboard */ = {
			isa = PBXVariantGroup;
			children = (
				6A789F861B458A1F0022368E /* Base */,
			);
			name = Main.storyboard;
			sourceTree = "<group>";
		};
		6A789F8A1B458A1F0022368E /* LaunchScreen.xib */ = {
			isa = PBXVariantGroup;
			children = (
				6A789F8B1B458A1F0022368E /* Base */,
			);
			name = LaunchScreen.xib;
			sourceTree = "<group>";
		};
/* End PBXVariantGroup section */

/* Begin XCBuildConfiguration section */
		6A789F991B458A1F0022368E /* Debug */ = {
			isa = XCBuildConfiguration;
			buildSettings = {
				ALWAYS_SEARCH_USER_PATHS = NO;
				CLANG_CXX_LANGUAGE_STANDARD = "gnu++0x";
				CLANG_CXX_LIBRARY = "libc++";
				CLANG_ENABLE_MODULES = YES;
				CLANG_ENABLE_OBJC_ARC = YES;
				CLANG_WARN_BOOL_CONVERSION = YES;
				CLANG_WARN_CONSTANT_CONVERSION = YES;
				CLANG_WARN_DIRECT_OBJC_ISA_USAGE = YES_ERROR;
				CLANG_WARN_EMPTY_BODY = YES;
				CLANG_WARN_ENUM_CONVERSION = YES;
				CLANG_WARN_INT_CONVERSION = YES;
				CLANG_WARN_OBJC_ROOT_CLASS = YES_ERROR;
				CLANG_WARN_UNREACHABLE_CODE = YES;
				CLANG_WARN__DUPLICATE_METHOD_MATCH = YES;
				"CODE_SIGN_IDENTITY[sdk=iphoneos*]" = "iPhone Developer";
				COPY_PHASE_STRIP = NO;
				DEBUG_INFORMATION_FORMAT = "dwarf-with-dsym";
				ENABLE_STRICT_OBJC_MSGSEND = YES;
				GCC_C_LANGUAGE_STANDARD = gnu99;
				GCC_DYNAMIC_NO_PIC = NO;
				GCC_NO_COMMON_BLOCKS = YES;
				GCC_OPTIMIZATION_LEVEL = 0;
				GCC_PREPROCESSOR_DEFINITIONS = (
					"DEBUG=1",
					"$(inherited)",
				);
				GCC_SYMBOLS_PRIVATE_EXTERN = NO;
				GCC_WARN_64_TO_32_BIT_CONVERSION = YES;
				GCC_WARN_ABOUT_RETURN_TYPE = YES_ERROR;
				GCC_WARN_UNDECLARED_SELECTOR = YES;
				GCC_WARN_UNINITIALIZED_AUTOS = YES_AGGRESSIVE;
				GCC_WARN_UNUSED_FUNCTION = YES;
				GCC_WARN_UNUSED_VARIABLE = YES;
				IPHONEOS_DEPLOYMENT_TARGET = 8.4;
				MTL_ENABLE_DEBUG_INFO = YES;
				ONLY_ACTIVE_ARCH = YES;
				SDKROOT = iphoneos;
			};
			name = Debug;
		};
		6A789F9A1B458A1F0022368E /* Release */ = {
			isa = XCBuildConfiguration;
			buildSettings = {
				ALWAYS_SEARCH_USER_PATHS = NO;
				CLANG_CXX_LANGUAGE_STANDARD = "gnu++0x";
				CLANG_CXX_LIBRARY = "libc++";
				CLANG_ENABLE_MODULES = YES;
				CLANG_ENABLE_OBJC_ARC = YES;
				CLANG_WARN_BOOL_CONVERSION = YES;
				CLANG_WARN_CONSTANT_CONVERSION = YES;
				CLANG_WARN_DIRECT_OBJC_ISA_USAGE = YES_ERROR;
				CLANG_WARN_EMPTY_BODY = YES;
				CLANG_WARN_ENUM_CONVERSION = YES;
				CLANG_WARN_INT_CONVERSION = YES;
				CLANG_WARN_OBJC_ROOT_CLASS = YES_ERROR;
				CLANG_WARN_UNREACHABLE_CODE = YES;
				CLANG_WARN__DUPLICATE_METHOD_MATCH = YES;
				"CODE_SIGN_IDENTITY[sdk=iphoneos*]" = "iPhone Developer";
				COPY_PHASE_STRIP = NO;
				DEBUG_INFORMATION_FORMAT = "dwarf-with-dsym";
				ENABLE_NS_ASSERTIONS = NO;
				ENABLE_STRICT_OBJC_MSGSEND = YES;
				GCC_C_LANGUAGE_STANDARD = gnu99;
				GCC_NO_COMMON_BLOCKS = YES;
				GCC_WARN_64_TO_32_BIT_CONVERSION = YES;
				GCC_WARN_ABOUT_RETURN_TYPE = YES_ERROR;
				GCC_WARN_UNDECLARED_SELECTOR = YES;
				GCC_WARN_UNINITIALIZED_AUTOS = YES_AGGRESSIVE;
				GCC_WARN_UNUSED_FUNCTION = YES;
				GCC_WARN_UNUSED_VARIABLE = YES;
				IPHONEOS_DEPLOYMENT_TARGET = 8.4;
				MTL_ENABLE_DEBUG_INFO = NO;
				SDKROOT = iphoneos;
				VALIDATE_PRODUCT = YES;
			};
			name = Release;
		};
		6A789F9C1B458A1F0022368E /* Debug */ = {
			isa = XCBuildConfiguration;
			buildSettings = {
				ASSETCATALOG_COMPILER_APPICON_NAME = AppIcon;
				INFOPLIST_FILE = QRCode/Info.plist;
				LD_RUNPATH_SEARCH_PATHS = "$(inherited) @executable_path/Frameworks";
				PRODUCT_NAME = "$(TARGET_NAME)";
			};
			name = Debug;
		};
		6A789F9D1B458A1F0022368E /* Release */ = {
			isa = XCBuildConfiguration;
			buildSettings = {
				ASSETCATALOG_COMPILER_APPICON_NAME = AppIcon;
				INFOPLIST_FILE = QRCode/Info.plist;
				LD_RUNPATH_SEARCH_PATHS = "$(inherited) @executable_path/Frameworks";
				PRODUCT_NAME = "$(TARGET_NAME)";
			};
			name = Release;
		};
		6A789F9F1B458A1F0022368E /* Debug */ = {
			isa = XCBuildConfiguration;
			buildSettings = {
				BUNDLE_LOADER = "$(TEST_HOST)";
				FRAMEWORK_SEARCH_PATHS = (
					"$(SDKROOT)/Developer/Library/Frameworks",
					"$(inherited)",
				);
				GCC_PREPROCESSOR_DEFINITIONS = (
					"DEBUG=1",
					"$(inherited)",
				);
				INFOPLIST_FILE = QRCodeTests/Info.plist;
				LD_RUNPATH_SEARCH_PATHS = "$(inherited) @executable_path/Frameworks @loader_path/Frameworks";
				PRODUCT_NAME = "$(TARGET_NAME)";
				TEST_HOST = "$(BUILT_PRODUCTS_DIR)/QRCode.app/QRCode";
			};
			name = Debug;
		};
		6A789FA01B458A1F0022368E /* Release */ = {
			isa = XCBuildConfiguration;
			buildSettings = {
				BUNDLE_LOADER = "$(TEST_HOST)";
				FRAMEWORK_SEARCH_PATHS = (
					"$(SDKROOT)/Developer/Library/Frameworks",
					"$(inherited)",
				);
				INFOPLIST_FILE = QRCodeTests/Info.plist;
				LD_RUNPATH_SEARCH_PATHS = "$(inherited) @executable_path/Frameworks @loader_path/Frameworks";
				PRODUCT_NAME = "$(TARGET_NAME)";
				TEST_HOST = "$(BUILT_PRODUCTS_DIR)/QRCode.app/QRCode";
			};
			name = Release;
		};
/* End XCBuildConfiguration section */

/* Begin XCConfigurationList section */
		6A789F731B458A1F0022368E /* Build configuration list for PBXProject "QRCode" */ = {
			isa = XCConfigurationList;
			buildConfigurations = (
				6A789F991B458A1F0022368E /* Debug */,
				6A789F9A1B458A1F0022368E /* Release */,
			);
			defaultConfigurationIsVisible = 0;
			defaultConfigurationName = Release;
		};
		6A789F9B1B458A1F0022368E /* Build configuration list for PBXNativeTarget "QRCode" */ = {
			isa = XCConfigurationList;
			buildConfigurations = (
				6A789F9C1B458A1F0022368E /* Debug */,
				6A789F9D1B458A1F0022368E /* Release */,
			);
			defaultConfigurationIsVisible = 0;
		};
		6A789F9E1B458A1F0022368E /* Build configuration list for PBXNativeTarget "QRCodeTests" */ = {
			isa = XCConfigurationList;
			buildConfigurations = (
				6A789F9F1B458A1F0022368E /* Debug */,
				6A789FA01B458A1F0022368E /* Release */,
			);
			defaultConfigurationIsVisible = 0;
		};
/* End XCConfigurationList section */
	};
	rootObject = 6A789F701B458A1F0022368E /* Project object */;
}
